
Microsoft Visual Studio Solution File, Format Version 11.00
# Visual Studio 2010
Project("{E24C65DC-7377-472B-9ABA-BC803B73C61A}") = "whitepalace_source", "whitepalace_source\", "{B2CDE8A7-1A3C-4A13-A0B8-E9CE799ADB38}"
	ProjectSection(WebsiteProperties) = preProject
		TargetFrameworkMoniker = ".NETFramework,Version%3Dv3.5"
		Debug.AspNetCompiler.VirtualPath = "/whitepalace_source"
		Debug.AspNetCompiler.PhysicalPath = "whitepalace_source\"
		Debug.AspNetCompiler.TargetPath = "PrecompiledWeb\whitepalace_source\"
		Debug.AspNetCompiler.Updateable = "true"
		Debug.AspNetCompiler.ForceOverwrite = "true"
		Debug.AspNetCompiler.FixedNames = "false"
		Debug.AspNetCompiler.Debug = "True"
		Release.AspNetCompiler.VirtualPath = "/whitepalace_source"
		Release.AspNetCompiler.PhysicalPath = "whitepalace_source\"
		Release.AspNetCompiler.TargetPath = "PrecompiledWeb\whitepalace_source\"
		Release.AspNetCompiler.Updateable = "true"
		Release.AspNetCompiler.ForceOverwrite = "true"
		Release.AspNetCompiler.FixedNames = "false"
		Release.AspNetCompiler.Debug = "False"
		VWDPort = "42677"
	EndProjectSection
EndProject
Global
	GlobalSection(SolutionConfigurationPlatforms) = preSolution
		Debug|Any CPU = Debug|Any CPU
	EndGlobalSection
	GlobalSection(ProjectConfigurationPlatforms) = postSolution
		{B2CDE8A7-1A3C-4A13-A0B8-E9CE799ADB38}.Debug|Any CPU.ActiveCfg = Debug|Any CPU
		{B2CDE8A7-1A3C-4A13-A0B8-E9CE799ADB38}.Debug|Any CPU.Build.0 = Debug|Any CPU
	EndGlobalSection
	GlobalSection(SolutionProperties) = preSolution
		HideSolutionNode = FALSE
	EndGlobalSection
EndGlobal
